
Microsoft Visual Studio Solution File, Format Version 12.00
# Visual Studio Version 17
VisualStudioVersion = 17.9.34622.214
MinimumVisualStudioVersion = 10.0.40219.1
Project("{9A19103F-16F7-4668-BE54-9A1E7A4F7556}") = "Zincsearch.Sdk", "src\Zincsearch.Sdk\Zincsearch.Sdk.csproj", "{C29D0653-7D78-463E-AC59-AE73F20B931E}"
EndProject
Global
	GlobalSection(SolutionConfigurationPlatforms) = preSolution
		Debug|Any CPU = Debug|Any CPU
		Release|Any CPU = Release|Any CPU
	EndGlobalSection
	GlobalSection(ProjectConfigurationPlatforms) = postSolution
		{C29D0653-7D78-463E-AC59-AE73F20B931E}.Debug|Any CPU.ActiveCfg = Debug|Any CPU
		{C29D0653-7D78-463E-AC59-AE73F20B931E}.Debug|Any CPU.Build.0 = Debug|Any CPU
		{C29D0653-7D78-463E-AC59-AE73F20B931E}.Release|Any CPU.ActiveCfg = Release|Any CPU
		{C29D0653-7D78-463E-AC59-AE73F20B931E}.Release|Any CPU.Build.0 = Release|Any CPU
	EndGlobalSection
	GlobalSection(SolutionProperties) = preSolution
		HideSolutionNode = FALSE
	EndGlobalSection
	GlobalSection(ExtensibilityGlobals) = postSolution
		SolutionGuid = {4EA01200-64B5-43ED-A5F2-14D7289F4C64}
	EndGlobalSection
EndGlobal
